
Microsoft Visual Studio Solution File, Format Version 11.00
# Visual Studio 2010
Project("{8BC9CEB8-8B4A-11D0-8D11-00A0C91BC942}") = "CIS247C_WK2_Lab_THOMAS", "CIS247C_WK2_Lab_THOMAS\CIS247C_WK2_Lab_THOMAS.vcxproj", "{59EB5829-C2C7-423D-8440-7E5E43F4E81B}"
EndProject
Global
	GlobalSection(SolutionConfigurationPlatforms) = preSolution
		Debug|Win32 = Debug|Win32
		Release|Win32 = Release|Win32
	EndGlobalSection
	GlobalSection(ProjectConfigurationPlatforms) = postSolution
		{59EB5829-C2C7-423D-8440-7E5E43F4E81B}.Debug|Win32.ActiveCfg = Debug|Win32
		{59EB5829-C2C7-423D-8440-7E5E43F4E81B}.Debug|Win32.Build.0 = Debug|Win32
		{59EB5829-C2C7-423D-8440-7E5E43F4E81B}.Release|Win32.ActiveCfg = Release|Win32
		{59EB5829-C2C7-423D-8440-7E5E43F4E81B}.Release|Win32.Build.0 = Release|Win32
	EndGlobalSection
	GlobalSection(SolutionProperties) = preSolution
		HideSolutionNode = FALSE
	EndGlobalSection
EndGlobal
